
Microsoft Visual Studio Solution File, Format Version 12.00
# Visual Studio Version 17
VisualStudioVersion = 17.3.32929.385
MinimumVisualStudioVersion = 10.0.40219.1
Project("{FAE04EC0-301F-11D3-BF4B-00C04F79EFBC}") = "WpfApp1", "WpfApp1\WpfApp1.csproj", "{1165245C-24E9-492D-AAA0-9DC4EECFC641}"
EndProject
Global
	GlobalSection(SolutionConfigurationPlatforms) = preSolution
		Debug|Any CPU = Debug|Any CPU
		Release|Any CPU = Release|Any CPU
	EndGlobalSection
	GlobalSection(ProjectConfigurationPlatforms) = postSolution
		{1165245C-24E9-492D-AAA0-9DC4EECFC641}.Debug|Any CPU.ActiveCfg = Debug|Any CPU
		{1165245C-24E9-492D-AAA0-9DC4EECFC641}.Debug|Any CPU.Build.0 = Debug|Any CPU
		{1165245C-24E9-492D-AAA0-9DC4EECFC641}.Release|Any CPU.ActiveCfg = Release|Any CPU
		{1165245C-24E9-492D-AAA0-9DC4EECFC641}.Release|Any CPU.Build.0 = Release|Any CPU
	EndGlobalSection
	GlobalSection(SolutionProperties) = preSolution
		HideSolutionNode = FALSE
	EndGlobalSection
	GlobalSection(ExtensibilityGlobals) = postSolution
		SolutionGuid = {AE4ECDE7-F0C1-4BE6-ABB1-68FD8B758403}
	EndGlobalSection
EndGlobal
